
Microsoft Visual Studio Solution File, Format Version 12.00
# Visual Studio Version 17
VisualStudioVersion = 17.6.33723.286
MinimumVisualStudioVersion = 10.0.40219.1
Project("{FAE04EC0-301F-11D3-BF4B-00C04F79EFBC}") = "Authentication.API", "Authentication.API\Authentication.API.csproj", "{D26EC1D0-45EE-423B-9D45-E703430F6B5D}"
EndProject
Global
	GlobalSection(SolutionConfigurationPlatforms) = preSolution
		Debug|Any CPU = Debug|Any CPU
		Release|Any CPU = Release|Any CPU
	EndGlobalSection
	GlobalSection(ProjectConfigurationPlatforms) = postSolution
		{D26EC1D0-45EE-423B-9D45-E703430F6B5D}.Debug|Any CPU.ActiveCfg = Debug|Any CPU
		{D26EC1D0-45EE-423B-9D45-E703430F6B5D}.Debug|Any CPU.Build.0 = Debug|Any CPU
		{D26EC1D0-45EE-423B-9D45-E703430F6B5D}.Release|Any CPU.ActiveCfg = Release|Any CPU
		{D26EC1D0-45EE-423B-9D45-E703430F6B5D}.Release|Any CPU.Build.0 = Release|Any CPU
	EndGlobalSection
	GlobalSection(SolutionProperties) = preSolution
		HideSolutionNode = FALSE
	EndGlobalSection
	GlobalSection(ExtensibilityGlobals) = postSolution
		SolutionGuid = {6A0F5934-7BB1-4175-A63F-8EA96737487E}
	EndGlobalSection
EndGlobal
