
Microsoft Visual Studio Solution File, Format Version 12.00
# Visual Studio Version 17
VisualStudioVersion = 17.6.33712.159
MinimumVisualStudioVersion = 10.0.40219.1
Project("{9A19103F-16F7-4668-BE54-9A1E7A4F7556}") = "Staff.DataAccess", "Staff.DataAccess\Staff.DataAccess.csproj", "{3344B80A-9849-4A17-85B9-007B6EC30F57}"
EndProject
Project("{9A19103F-16F7-4668-BE54-9A1E7A4F7556}") = "Shared", "..\..\Shared\Shared.csproj", "{2BDA46A4-DDE2-4158-A42F-A515D3DF09E7}"
EndProject
Global
	GlobalSection(SolutionConfigurationPlatforms) = preSolution
		Debug|Any CPU = Debug|Any CPU
		Release|Any CPU = Release|Any CPU
	EndGlobalSection
	GlobalSection(ProjectConfigurationPlatforms) = postSolution
		{3344B80A-9849-4A17-85B9-007B6EC30F57}.Debug|Any CPU.ActiveCfg = Debug|Any CPU
		{3344B80A-9849-4A17-85B9-007B6EC30F57}.Debug|Any CPU.Build.0 = Debug|Any CPU
		{3344B80A-9849-4A17-85B9-007B6EC30F57}.Release|Any CPU.ActiveCfg = Release|Any CPU
		{3344B80A-9849-4A17-85B9-007B6EC30F57}.Release|Any CPU.Build.0 = Release|Any CPU
		{2BDA46A4-DDE2-4158-A42F-A515D3DF09E7}.Debug|Any CPU.ActiveCfg = Debug|Any CPU
		{2BDA46A4-DDE2-4158-A42F-A515D3DF09E7}.Debug|Any CPU.Build.0 = Debug|Any CPU
		{2BDA46A4-DDE2-4158-A42F-A515D3DF09E7}.Release|Any CPU.ActiveCfg = Release|Any CPU
		{2BDA46A4-DDE2-4158-A42F-A515D3DF09E7}.Release|Any CPU.Build.0 = Release|Any CPU
	EndGlobalSection
	GlobalSection(SolutionProperties) = preSolution
		HideSolutionNode = FALSE
	EndGlobalSection
	GlobalSection(ExtensibilityGlobals) = postSolution
		SolutionGuid = {AD0094A7-578E-4162-9C9A-F6B2F20370E4}
	EndGlobalSection
EndGlobal
